// !$*UTF8*$!
{
	archiveVersion = 1;
	classes = {
	};
	objectVersion = 53;
	objects = {

/* Begin PBXBuildFile section */
		5A02CCBC25194E5600C7D5EA /* Localizable.strings in Resources */ = {isa = PBXBuildFile; fileRef = 5A02CCBE25194E5600C7D5EA /* Localizable.strings */; };
		5A13B136251A48A9002C812D /* RecipesSlideView.swift in Sources */ = {isa = PBXBuildFile; fileRef = 5A13B135251A48A9002C812D /* RecipesSlideView.swift */; };
		5A13B139251A53CD002C812D /* RecipeView.swift in Sources */ = {isa = PBXBuildFile; fileRef = 5A13B138251A53CD002C812D /* RecipeView.swift */; };
		5A35981E254B3BD000EB94ED /* InklukvaTests.swift in Sources */ = {isa = PBXBuildFile; fileRef = 5A35981D254B3BD000EB94ED /* InklukvaTests.swift */; };
		5A35982D254B6E5400EB94ED /* RecipeViewModel.swift in Sources */ = {isa = PBXBuildFile; fileRef = 5A35982C254B6E5400EB94ED /* RecipeViewModel.swift */; };
		5A3692D4250809D20029C921 /* BreadCalculator.swift in Sources */ = {isa = PBXBuildFile; fileRef = 5A3692D3250809D20029C921 /* BreadCalculator.swift */; };
		5A463B22252D08F70058F454 /* BreadCalculatorViewModel.swift in Sources */ = {isa = PBXBuildFile; fileRef = 5A463B21252D08F70058F454 /* BreadCalculatorViewModel.swift */; };
		5A6CA74625191BE200374AC6 /* UIView.swift in Sources */ = {isa = PBXBuildFile; fileRef = 5A6CA74525191BE200374AC6 /* UIView.swift */; };
		5A6CA74B2519436A00374AC6 /* FlourInputView.swift in Sources */ = {isa = PBXBuildFile; fileRef = 5A6CA74A2519436A00374AC6 /* FlourInputView.swift */; };
		5A79C55D25279F3B00DCD2D2 /* HydrationPickerView.swift in Sources */ = {isa = PBXBuildFile; fileRef = 5A79C55C25279F3B00DCD2D2 /* HydrationPickerView.swift */; };
		5A79C5612527A75E00DCD2D2 /* HydrationInputView.swift in Sources */ = {isa = PBXBuildFile; fileRef = 5A79C5602527A75E00DCD2D2 /* HydrationInputView.swift */; };
		5A886450258E2C460073F1D3 /* LinkView.swift in Sources */ = {isa = PBXBuildFile; fileRef = 5A88644F258E2C460073F1D3 /* LinkView.swift */; };
		5AAE4435251A72F1006705A7 /* IngredientView.swift in Sources */ = {isa = PBXBuildFile; fileRef = 5AAE4434251A72F1006705A7 /* IngredientView.swift */; };
		5AD9BA9A250012F600463757 /* AppDelegate.swift in Sources */ = {isa = PBXBuildFile; fileRef = 5AD9BA99250012F600463757 /* AppDelegate.swift */; };
		5AD9BA9C250012F600463757 /* SceneDelegate.swift in Sources */ = {isa = PBXBuildFile; fileRef = 5AD9BA9B250012F600463757 /* SceneDelegate.swift */; };
		5AD9BA9E250012F600463757 /* BreadCalculatorViewController.swift in Sources */ = {isa = PBXBuildFile; fileRef = 5AD9BA9D250012F600463757 /* BreadCalculatorViewController.swift */; };
		5AD9BAA3250012F700463757 /* Assets.xcassets in Resources */ = {isa = PBXBuildFile; fileRef = 5AD9BAA2250012F700463757 /* Assets.xcassets */; };
		5AD9BAA6250012F700463757 /* LaunchScreen.storyboard in Resources */ = {isa = PBXBuildFile; fileRef = 5AD9BAA4250012F700463757 /* LaunchScreen.storyboard */; };
		5AFBFFD1251BACD400168007 /* Starter.swift in Sources */ = {isa = PBXBuildFile; fileRef = 5AFBFFD0251BACD400168007 /* Starter.swift */; };
		5AFBFFD4251BACEE00168007 /* Dough.swift in Sources */ = {isa = PBXBuildFile; fileRef = 5AFBFFD3251BACEE00168007 /* Dough.swift */; };
/* End PBXBuildFile section */

/* Begin PBXContainerItemProxy section */
		5A359820254B3BD000EB94ED /* PBXContainerItemProxy */ = {
			isa = PBXContainerItemProxy;
			containerPortal = 5AD9BA8E250012F600463757 /* Project object */;
			proxyType = 1;
			remoteGlobalIDString = 5AD9BA95250012F600463757;
			remoteInfo = Inklukva;
		};
/* End PBXContainerItemProxy section */

/* Begin PBXFileReference section */
		5A02CCB725194E1D00C7D5EA /* en */ = {isa = PBXFileReference; lastKnownFileType = text.plist.strings; name = en; path = en.lproj/LaunchScreen.strings; sourceTree = "<group>"; };
		5A02CCBD25194E5600C7D5EA /* ru */ = {isa = PBXFileReference; lastKnownFileType = text.plist.strings; name = ru; path = ru.lproj/Localizable.strings; sourceTree = "<group>"; };
		5A02CCC225194FDE00C7D5EA /* ru */ = {isa = PBXFileReference; lastKnownFileType = text.plist.strings; name = ru; path = ru.lproj/LaunchScreen.strings; sourceTree = "<group>"; };
		5A13B135251A48A9002C812D /* RecipesSlideView.swift */ = {isa = PBXFileReference; lastKnownFileType = sourcecode.swift; path = RecipesSlideView.swift; sourceTree = "<group>"; };
		5A13B138251A53CD002C812D /* RecipeView.swift */ = {isa = PBXFileReference; lastKnownFileType = sourcecode.swift; path = RecipeView.swift; sourceTree = "<group>"; };
		5A35981B254B3BD000EB94ED /* InklukvaTests.xctest */ = {isa = PBXFileReference; explicitFileType = wrapper.cfbundle; includeInIndex = 0; path = InklukvaTests.xctest; sourceTree = BUILT_PRODUCTS_DIR; };
		5A35981D254B3BD000EB94ED /* InklukvaTests.swift */ = {isa = PBXFileReference; lastKnownFileType = sourcecode.swift; path = InklukvaTests.swift; sourceTree = "<group>"; };
		5A35981F254B3BD000EB94ED /* Info.plist */ = {isa = PBXFileReference; lastKnownFileType = text.plist.xml; path = Info.plist; sourceTree = "<group>"; };
		5A359829254B55BB00EB94ED /* en */ = {isa = PBXFileReference; lastKnownFileType = text.plist.strings; name = en; path = en.lproj/Localizable.strings; sourceTree = "<group>"; };
		5A35982C254B6E5400EB94ED /* RecipeViewModel.swift */ = {isa = PBXFileReference; lastKnownFileType = sourcecode.swift; path = RecipeViewModel.swift; sourceTree = "<group>"; };
		5A3692D3250809D20029C921 /* BreadCalculator.swift */ = {isa = PBXFileReference; lastKnownFileType = sourcecode.swift; path = BreadCalculator.swift; sourceTree = "<group>"; };
		5A463B21252D08F70058F454 /* BreadCalculatorViewModel.swift */ = {isa = PBXFileReference; lastKnownFileType = sourcecode.swift; path = BreadCalculatorViewModel.swift; sourceTree = "<group>"; };
		5A6CA74525191BE200374AC6 /* UIView.swift */ = {isa = PBXFileReference; fileEncoding = 4; lastKnownFileType = sourcecode.swift; path = UIView.swift; sourceTree = "<group>"; };
		5A6CA74A2519436A00374AC6 /* FlourInputView.swift */ = {isa = PBXFileReference; lastKnownFileType = sourcecode.swift; path = FlourInputView.swift; sourceTree = "<group>"; };
		5A79C55C25279F3B00DCD2D2 /* HydrationPickerView.swift */ = {isa = PBXFileReference; lastKnownFileType = sourcecode.swift; path = HydrationPickerView.swift; sourceTree = "<group>"; };
		5A79C5602527A75E00DCD2D2 /* HydrationInputView.swift */ = {isa = PBXFileReference; lastKnownFileType = sourcecode.swift; path = HydrationInputView.swift; sourceTree = "<group>"; };
		5A88644F258E2C460073F1D3 /* LinkView.swift */ = {isa = PBXFileReference; lastKnownFileType = sourcecode.swift; path = LinkView.swift; sourceTree = "<group>"; };
		5AAE4434251A72F1006705A7 /* IngredientView.swift */ = {isa = PBXFileReference; lastKnownFileType = sourcecode.swift; path = IngredientView.swift; sourceTree = "<group>"; };
		5AD9BA96250012F600463757 /* Inklukva.app */ = {isa = PBXFileReference; explicitFileType = wrapper.application; includeInIndex = 0; path = Inklukva.app; sourceTree = BUILT_PRODUCTS_DIR; };
		5AD9BA99250012F600463757 /* AppDelegate.swift */ = {isa = PBXFileReference; lastKnownFileType = sourcecode.swift; path = AppDelegate.swift; sourceTree = "<group>"; };
		5AD9BA9B250012F600463757 /* SceneDelegate.swift */ = {isa = PBXFileReference; lastKnownFileType = sourcecode.swift; path = SceneDelegate.swift; sourceTree = "<group>"; };
		5AD9BA9D250012F600463757 /* BreadCalculatorViewController.swift */ = {isa = PBXFileReference; lastKnownFileType = sourcecode.swift; path = BreadCalculatorViewController.swift; sourceTree = "<group>"; };
		5AD9BAA2250012F700463757 /* Assets.xcassets */ = {isa = PBXFileReference; lastKnownFileType = folder.assetcatalog; path = Assets.xcassets; sourceTree = "<group>"; };
		5AD9BAA5250012F700463757 /* Base */ = {isa = PBXFileReference; lastKnownFileType = file.storyboard; name = Base; path = Base.lproj/LaunchScreen.storyboard; sourceTree = "<group>"; };
		5AD9BAA7250012F700463757 /* Info.plist */ = {isa = PBXFileReference; lastKnownFileType = text.plist.xml; path = Info.plist; sourceTree = "<group>"; };
		5AFBFFD0251BACD400168007 /* Starter.swift */ = {isa = PBXFileReference; lastKnownFileType = sourcecode.swift; path = Starter.swift; sourceTree = "<group>"; };
		5AFBFFD3251BACEE00168007 /* Dough.swift */ = {isa = PBXFileReference; lastKnownFileType = sourcecode.swift; path = Dough.swift; sourceTree = "<group>"; };
/* End PBXFileReference section */

/* Begin PBXFrameworksBuildPhase section */
		5A359818254B3BD000EB94ED /* Frameworks */ = {
			isa = PBXFrameworksBuildPhase;
			buildActionMask = 2147483647;
			files = (
			);
			runOnlyForDeploymentPostprocessing = 0;
		};
		5AD9BA93250012F600463757 /* Frameworks */ = {
			isa = PBXFrameworksBuildPhase;
			buildActionMask = 2147483647;
			files = (
			);
			runOnlyForDeploymentPostprocessing = 0;
		};
/* End PBXFrameworksBuildPhase section */

/* Begin PBXGroup section */
		5A35981C254B3BD000EB94ED /* InklukvaTests */ = {
			isa = PBXGroup;
			children = (
				5A35981D254B3BD000EB94ED /* InklukvaTests.swift */,
				5A35981F254B3BD000EB94ED /* Info.plist */,
			);
			path = InklukvaTests;
			sourceTree = "<group>";
		};
		5A463B24252D093A0058F454 /* ViewModel */ = {
			isa = PBXGroup;
			children = (
				5A463B21252D08F70058F454 /* BreadCalculatorViewModel.swift */,
				5A35982C254B6E5400EB94ED /* RecipeViewModel.swift */,
			);
			path = ViewModel;
			sourceTree = "<group>";
		};
		5A6CA74E251943D300374AC6 /* Views */ = {
			isa = PBXGroup;
			children = (
				5AD9BA9D250012F600463757 /* BreadCalculatorViewController.swift */,
				5A79C5602527A75E00DCD2D2 /* HydrationInputView.swift */,
				5A79C55C25279F3B00DCD2D2 /* HydrationPickerView.swift */,
				5A6CA74A2519436A00374AC6 /* FlourInputView.swift */,
				5A13B135251A48A9002C812D /* RecipesSlideView.swift */,
				5A13B138251A53CD002C812D /* RecipeView.swift */,
				5AAE4434251A72F1006705A7 /* IngredientView.swift */,
				5A88644F258E2C460073F1D3 /* LinkView.swift */,
			);
			path = Views;
			sourceTree = "<group>";
		};
		5AD9BA8D250012F600463757 = {
			isa = PBXGroup;
			children = (
				5AD9BA98250012F600463757 /* Inklukva */,
				5A35981C254B3BD000EB94ED /* InklukvaTests */,
				5AD9BA97250012F600463757 /* Products */,
			);
			sourceTree = "<group>";
		};
		5AD9BA97250012F600463757 /* Products */ = {
			isa = PBXGroup;
			children = (
				5AD9BA96250012F600463757 /* Inklukva.app */,
				5A35981B254B3BD000EB94ED /* InklukvaTests.xctest */,
			);
			name = Products;
			sourceTree = "<group>";
		};
		5AD9BA98250012F600463757 /* Inklukva */ = {
			isa = PBXGroup;
			children = (
				5AD9BA99250012F600463757 /* AppDelegate.swift */,
				5AD9BA9B250012F600463757 /* SceneDelegate.swift */,
				5AFBFFCF251BACBE00168007 /* Model */,
				5A463B24252D093A0058F454 /* ViewModel */,
				5A6CA74E251943D300374AC6 /* Views */,
				5AFBFFD7251BAD0F00168007 /* Extensions */,
				5AD9BAA2250012F700463757 /* Assets.xcassets */,
				5AD9BAA4250012F700463757 /* LaunchScreen.storyboard */,
				5A02CCBE25194E5600C7D5EA /* Localizable.strings */,
				5AD9BAA7250012F700463757 /* Info.plist */,
			);
			path = Inklukva;
			sourceTree = "<group>";
		};
		5AFBFFCF251BACBE00168007 /* Model */ = {
			isa = PBXGroup;
			children = (
				5A3692D3250809D20029C921 /* BreadCalculator.swift */,
				5AFBFFD0251BACD400168007 /* Starter.swift */,
				5AFBFFD3251BACEE00168007 /* Dough.swift */,
			);
			path = Model;
			sourceTree = "<group>";
		};
		5AFBFFD7251BAD0F00168007 /* Extensions */ = {
			isa = PBXGroup;
			children = (
				5A6CA74525191BE200374AC6 /* UIView.swift */,
			);
			path = Extensions;
			sourceTree = "<group>";
		};
/* End PBXGroup section */

/* Begin PBXNativeTarget section */
		5A35981A254B3BD000EB94ED /* InklukvaTests */ = {
			isa = PBXNativeTarget;
			buildConfigurationList = 5A359824254B3BD000EB94ED /* Build configuration list for PBXNativeTarget "InklukvaTests" */;
			buildPhases = (
				5A359817254B3BD000EB94ED /* Sources */,
				5A359818254B3BD000EB94ED /* Frameworks */,
				5A359819254B3BD000EB94ED /* Resources */,
			);
			buildRules = (
			);
			dependencies = (
				5A359821254B3BD000EB94ED /* PBXTargetDependency */,
			);
			name = InklukvaTests;
			productName = InklukvaTests;
			productReference = 5A35981B254B3BD000EB94ED /* InklukvaTests.xctest */;
			productType = "com.apple.product-type.bundle.unit-test";
		};
		5AD9BA95250012F600463757 /* Inklukva */ = {
			isa = PBXNativeTarget;
			buildConfigurationList = 5AD9BAAA250012F700463757 /* Build configuration list for PBXNativeTarget "Inklukva" */;
			buildPhases = (
				5AD9BA92250012F600463757 /* Sources */,
				5AD9BA93250012F600463757 /* Frameworks */,
				5AD9BA94250012F600463757 /* Resources */,
			);
			buildRules = (
			);
			dependencies = (
			);
			name = Inklukva;
			productName = Inklukva;
			productReference = 5AD9BA96250012F600463757 /* Inklukva.app */;
			productType = "com.apple.product-type.application";
		};
/* End PBXNativeTarget section */

/* Begin PBXProject section */
		5AD9BA8E250012F600463757 /* Project object */ = {
			isa = PBXProject;
			attributes = {
				LastSwiftUpdateCheck = 1210;
				LastUpgradeCheck = 1200;
				ORGANIZATIONNAME = "Andrey isaev";
				TargetAttributes = {
					5A35981A254B3BD000EB94ED = {
						CreatedOnToolsVersion = 12.1;
						TestTargetID = 5AD9BA95250012F600463757;
					};
					5AD9BA95250012F600463757 = {
						CreatedOnToolsVersion = 11.6;
					};
				};
			};
			buildConfigurationList = 5AD9BA91250012F600463757 /* Build configuration list for PBXProject "Inklukva" */;
			compatibilityVersion = "Xcode 11.4";
			developmentRegion = en;
			hasScannedForEncodings = 0;
			knownRegions = (
				en,
				Base,
				ru,
			);
			mainGroup = 5AD9BA8D250012F600463757;
			productRefGroup = 5AD9BA97250012F600463757 /* Products */;
			projectDirPath = "";
			projectRoot = "";
			targets = (
				5AD9BA95250012F600463757 /* Inklukva */,
				5A35981A254B3BD000EB94ED /* InklukvaTests */,
			);
		};
/* End PBXProject section */

/* Begin PBXResourcesBuildPhase section */
		5A359819254B3BD000EB94ED /* Resources */ = {
			isa = PBXResourcesBuildPhase;
			buildActionMask = 2147483647;
			files = (
			);
			runOnlyForDeploymentPostprocessing = 0;
		};
		5AD9BA94250012F600463757 /* Resources */ = {
			isa = PBXResourcesBuildPhase;
			buildActionMask = 2147483647;
			files = (
				5AD9BAA6250012F700463757 /* LaunchScreen.storyboard in Resources */,
				5A02CCBC25194E5600C7D5EA /* Localizable.strings in Resources */,
				5AD9BAA3250012F700463757 /* Assets.xcassets in Resources */,
			);
			runOnlyForDeploymentPostprocessing = 0;
		};
/* End PBXResourcesBuildPhase section */

/* Begin PBXSourcesBuildPhase section */
		5A359817254B3BD000EB94ED /* Sources */ = {
			isa = PBXSourcesBuildPhase;
			buildActionMask = 2147483647;
			files = (
				5A35981E254B3BD000EB94ED /* InklukvaTests.swift in Sources */,
			);
			runOnlyForDeploymentPostprocessing = 0;
		};
		5AD9BA92250012F600463757 /* Sources */ = {
			isa = PBXSourcesBuildPhase;
			buildActionMask = 2147483647;
			files = (
				5A79C5612527A75E00DCD2D2 /* HydrationInputView.swift in Sources */,
				5A13B139251A53CD002C812D /* RecipeView.swift in Sources */,
				5A886450258E2C460073F1D3 /* LinkView.swift in Sources */,
				5AFBFFD4251BACEE00168007 /* Dough.swift in Sources */,
				5AD9BA9E250012F600463757 /* BreadCalculatorViewController.swift in Sources */,
				5AAE4435251A72F1006705A7 /* IngredientView.swift in Sources */,
				5A3692D4250809D20029C921 /* BreadCalculator.swift in Sources */,
				5A6CA74B2519436A00374AC6 /* FlourInputView.swift in Sources */,
				5A79C55D25279F3B00DCD2D2 /* HydrationPickerView.swift in Sources */,
				5AD9BA9A250012F600463757 /* AppDelegate.swift in Sources */,
				5A6CA74625191BE200374AC6 /* UIView.swift in Sources */,
				5AD9BA9C250012F600463757 /* SceneDelegate.swift in Sources */,
				5AFBFFD1251BACD400168007 /* Starter.swift in Sources */,
				5A13B136251A48A9002C812D /* RecipesSlideView.swift in Sources */,
				5A35982D254B6E5400EB94ED /* RecipeViewModel.swift in Sources */,
				5A463B22252D08F70058F454 /* BreadCalculatorViewModel.swift in Sources */,
			);
			runOnlyForDeploymentPostprocessing = 0;
		};
/* End PBXSourcesBuildPhase section */

/* Begin PBXTargetDependency section */
		5A359821254B3BD000EB94ED /* PBXTargetDependency */ = {
			isa = PBXTargetDependency;
			target = 5AD9BA95250012F600463757 /* Inklukva */;
			targetProxy = 5A359820254B3BD000EB94ED /* PBXContainerItemProxy */;
		};
/* End PBXTargetDependency section */

/* Begin PBXVariantGroup section */
		5A02CCBE25194E5600C7D5EA /* Localizable.strings */ = {
			isa = PBXVariantGroup;
			children = (
				5A02CCBD25194E5600C7D5EA /* ru */,
				5A359829254B55BB00EB94ED /* en */,
			);
			name = Localizable.strings;
			sourceTree = "<group>";
		};
		5AD9BAA4250012F700463757 /* LaunchScreen.storyboard */ = {
			isa = PBXVariantGroup;
			children = (
				5AD9BAA5250012F700463757 /* Base */,
				5A02CCB725194E1D00C7D5EA /* en */,
				5A02CCC225194FDE00C7D5EA /* ru */,
			);
			name = LaunchScreen.storyboard;
			sourceTree = "<group>";
		};
/* End PBXVariantGroup section */

/* Begin XCBuildConfiguration section */
		5A359822254B3BD000EB94ED /* Debug */ = {
			isa = XCBuildConfiguration;
			buildSettings = {
				BUNDLE_LOADER = "$(TEST_HOST)";
				CODE_SIGN_STYLE = Automatic;
				DEVELOPMENT_TEAM = MXX32M3GG6;
				INFOPLIST_FILE = InklukvaTests/Info.plist;
				IPHONEOS_DEPLOYMENT_TARGET = 14.1;
				LD_RUNPATH_SEARCH_PATHS = (
					"$(inherited)",
					"@executable_path/Frameworks",
					"@loader_path/Frameworks",
				);
				PRODUCT_BUNDLE_IDENTIFIER = andrey.svx.InklukvaTests;
				PRODUCT_NAME = "$(TARGET_NAME)";
				SWIFT_VERSION = 5.0;
				TARGETED_DEVICE_FAMILY = "1,2";
				TEST_HOST = "$(BUILT_PRODUCTS_DIR)/Inklukva.app/Inklukva";
			};
			name = Debug;
		};
		5A359823254B3BD000EB94ED /* Release */ = {
			isa = XCBuildConfiguration;
			buildSettings = {
				BUNDLE_LOADER = "$(TEST_HOST)";
				CODE_SIGN_STYLE = Automatic;
				DEVELOPMENT_TEAM = MXX32M3GG6;
				INFOPLIST_FILE = InklukvaTests/Info.plist;
				IPHONEOS_DEPLOYMENT_TARGET = 14.1;
				LD_RUNPATH_SEARCH_PATHS = (
					"$(inherited)",
					"@executable_path/Frameworks",
					"@loader_path/Frameworks",
				);
				PRODUCT_BUNDLE_IDENTIFIER = andrey.svx.InklukvaTests;
				PRODUCT_NAME = "$(TARGET_NAME)";
				SWIFT_VERSION = 5.0;
				TARGETED_DEVICE_FAMILY = "1,2";
				TEST_HOST = "$(BUILT_PRODUCTS_DIR)/Inklukva.app/Inklukva";
			};
			name = Release;
		};
		5AD9BAA8250012F700463757 /* Debug */ = {
			isa = XCBuildConfiguration;
			buildSettings = {
				ALWAYS_SEARCH_USER_PATHS = NO;
				CLANG_ANALYZER_LOCALIZABILITY_NONLOCALIZED = YES;
				CLANG_ANALYZER_NONNULL = YES;
				CLANG_ANALYZER_NUMBER_OBJECT_CONVERSION = YES_AGGRESSIVE;
				CLANG_CXX_LANGUAGE_STANDARD = "gnu++14";
				CLANG_CXX_LIBRARY = "libc++";
				CLANG_ENABLE_MODULES = YES;
				CLANG_ENABLE_OBJC_ARC = YES;
				CLANG_ENABLE_OBJC_WEAK = YES;
				CLANG_WARN_BLOCK_CAPTURE_AUTORELEASING = YES;
				CLANG_WARN_BOOL_CONVERSION = YES;
				CLANG_WARN_COMMA = YES;
				CLANG_WARN_CONSTANT_CONVERSION = YES;
				CLANG_WARN_DEPRECATED_OBJC_IMPLEMENTATIONS = YES;
				CLANG_WARN_DIRECT_OBJC_ISA_USAGE = YES_ERROR;
				CLANG_WARN_DOCUMENTATION_COMMENTS = YES;
				CLANG_WARN_EMPTY_BODY = YES;
				CLANG_WARN_ENUM_CONVERSION = YES;
				CLANG_WARN_INFINITE_RECURSION = YES;
				CLANG_WARN_INT_CONVERSION = YES;
				CLANG_WARN_NON_LITERAL_NULL_CONVERSION = YES;
				CLANG_WARN_OBJC_IMPLICIT_RETAIN_SELF = YES;
				CLANG_WARN_OBJC_LITERAL_CONVERSION = YES;
				CLANG_WARN_OBJC_ROOT_CLASS = YES_ERROR;
				CLANG_WARN_QUOTED_INCLUDE_IN_FRAMEWORK_HEADER = YES;
				CLANG_WARN_RANGE_LOOP_ANALYSIS = YES;
				CLANG_WARN_STRICT_PROTOTYPES = YES;
				CLANG_WARN_SUSPICIOUS_MOVE = YES;
				CLANG_WARN_UNGUARDED_AVAILABILITY = YES_AGGRESSIVE;
				CLANG_WARN_UNREACHABLE_CODE = YES;
				CLANG_WARN__DUPLICATE_METHOD_MATCH = YES;
				COPY_PHASE_STRIP = NO;
				DEBUG_INFORMATION_FORMAT = dwarf;
				ENABLE_STRICT_OBJC_MSGSEND = YES;
				ENABLE_TESTABILITY = YES;
				GCC_C_LANGUAGE_STANDARD = gnu11;
				GCC_DYNAMIC_NO_PIC = NO;
				GCC_NO_COMMON_BLOCKS = YES;
				GCC_OPTIMIZATION_LEVEL = 0;
				GCC_PREPROCESSOR_DEFINITIONS = (
					"DEBUG=1",
					"$(inherited)",
				);
				GCC_WARN_64_TO_32_BIT_CONVERSION = YES;
				GCC_WARN_ABOUT_RETURN_TYPE = YES_ERROR;
				GCC_WARN_UNDECLARED_SELECTOR = YES;
				GCC_WARN_UNINITIALIZED_AUTOS = YES_AGGRESSIVE;
				GCC_WARN_UNUSED_FUNCTION = YES;
				GCC_WARN_UNUSED_VARIABLE = YES;
				IPHONEOS_DEPLOYMENT_TARGET = 13.0;
				MTL_ENABLE_DEBUG_INFO = INCLUDE_SOURCE;
				MTL_FAST_MATH = YES;
				ONLY_ACTIVE_ARCH = YES;
				SDKROOT = iphoneos;
				SWIFT_ACTIVE_COMPILATION_CONDITIONS = DEBUG;
				SWIFT_OPTIMIZATION_LEVEL = "-Onone";
			};
			name = Debug;
		};
		5AD9BAA9250012F700463757 /* Release */ = {
			isa = XCBuildConfiguration;
			buildSettings = {
				ALWAYS_SEARCH_USER_PATHS = NO;
				CLANG_ANALYZER_LOCALIZABILITY_NONLOCALIZED = YES;
				CLANG_ANALYZER_NONNULL = YES;
				CLANG_ANALYZER_NUMBER_OBJECT_CONVERSION = YES_AGGRESSIVE;
				CLANG_CXX_LANGUAGE_STANDARD = "gnu++14";
				CLANG_CXX_LIBRARY = "libc++";
				CLANG_ENABLE_MODULES = YES;
				CLANG_ENABLE_OBJC_ARC = YES;
				CLANG_ENABLE_OBJC_WEAK = YES;
				CLANG_WARN_BLOCK_CAPTURE_AUTORELEASING = YES;
				CLANG_WARN_BOOL_CONVERSION = YES;
				CLANG_WARN_COMMA = YES;
				CLANG_WARN_CONSTANT_CONVERSION = YES;
				CLANG_WARN_DEPRECATED_OBJC_IMPLEMENTATIONS = YES;
				CLANG_WARN_DIRECT_OBJC_ISA_USAGE = YES_ERROR;
				CLANG_WARN_DOCUMENTATION_COMMENTS = YES;
				CLANG_WARN_EMPTY_BODY = YES;
				CLANG_WARN_ENUM_CONVERSION = YES;
				CLANG_WARN_INFINITE_RECURSION = YES;
				CLANG_WARN_INT_CONVERSION = YES;
				CLANG_WARN_NON_LITERAL_NULL_CONVERSION = YES;
				CLANG_WARN_OBJC_IMPLICIT_RETAIN_SELF = YES;
				CLANG_WARN_OBJC_LITERAL_CONVERSION = YES;
				CLANG_WARN_OBJC_ROOT_CLASS = YES_ERROR;
				CLANG_WARN_QUOTED_INCLUDE_IN_FRAMEWORK_HEADER = YES;
				CLANG_WARN_RANGE_LOOP_ANALYSIS = YES;
				CLANG_WARN_STRICT_PROTOTYPES = YES;
				CLANG_WARN_SUSPICIOUS_MOVE = YES;
				CLANG_WARN_UNGUARDED_AVAILABILITY = YES_AGGRESSIVE;
				CLANG_WARN_UNREACHABLE_CODE = YES;
				CLANG_WARN__DUPLICATE_METHOD_MATCH = YES;
				COPY_PHASE_STRIP = NO;
				DEBUG_INFORMATION_FORMAT = "dwarf-with-dsym";
				ENABLE_NS_ASSERTIONS = NO;
				ENABLE_STRICT_OBJC_MSGSEND = YES;
				GCC_C_LANGUAGE_STANDARD = gnu11;
				GCC_NO_COMMON_BLOCKS = YES;
				GCC_WARN_64_TO_32_BIT_CONVERSION = YES;
				GCC_WARN_ABOUT_RETURN_TYPE = YES_ERROR;
				GCC_WARN_UNDECLARED_SELECTOR = YES;
				GCC_WARN_UNINITIALIZED_AUTOS = YES_AGGRESSIVE;
				GCC_WARN_UNUSED_FUNCTION = YES;
				GCC_WARN_UNUSED_VARIABLE = YES;
				IPHONEOS_DEPLOYMENT_TARGET = 13.0;
				MTL_ENABLE_DEBUG_INFO = NO;
				MTL_FAST_MATH = YES;
				SDKROOT = iphoneos;
				SWIFT_COMPILATION_MODE = wholemodule;
				SWIFT_OPTIMIZATION_LEVEL = "-O";
				VALIDATE_PRODUCT = YES;
			};
			name = Release;
		};
		5AD9BAAB250012F700463757 /* Debug */ = {
			isa = XCBuildConfiguration;
			buildSettings = {
				ASSETCATALOG_COMPILER_APPICON_NAME = AppIcon;
				CODE_SIGN_STYLE = Automatic;
				DEVELOPMENT_TEAM = MXX32M3GG6;
				INFOPLIST_FILE = Inklukva/Info.plist;
				LD_RUNPATH_SEARCH_PATHS = (
					"$(inherited)",
					"@executable_path/Frameworks",
				);
				MARKETING_VERSION = 1.1;
				PRODUCT_BUNDLE_IDENTIFIER = andrey.svx.Inklukva;
				PRODUCT_NAME = "$(TARGET_NAME)";
				SWIFT_VERSION = 5.0;
				TARGETED_DEVICE_FAMILY = 1;
			};
			name = Debug;
		};
		5AD9BAAC250012F700463757 /* Release */ = {
			isa = XCBuildConfiguration;
			buildSettings = {
				ASSETCATALOG_COMPILER_APPICON_NAME = AppIcon;
				CODE_SIGN_STYLE = Automatic;
				DEVELOPMENT_TEAM = MXX32M3GG6;
				INFOPLIST_FILE = Inklukva/Info.plist;
				LD_RUNPATH_SEARCH_PATHS = (
					"$(inherited)",
					"@executable_path/Frameworks",
				);
				MARKETING_VERSION = 1.1;
				PRODUCT_BUNDLE_IDENTIFIER = andrey.svx.Inklukva;
				PRODUCT_NAME = "$(TARGET_NAME)";
				SWIFT_VERSION = 5.0;
				TARGETED_DEVICE_FAMILY = 1;
			};
			name = Release;
		};
/* End XCBuildConfiguration section */

/* Begin XCConfigurationList section */
		5A359824254B3BD000EB94ED /* Build configuration list for PBXNativeTarget "InklukvaTests" */ = {
			isa = XCConfigurationList;
			buildConfigurations = (
				5A359822254B3BD000EB94ED /* Debug */,
				5A359823254B3BD000EB94ED /* Release */,
			);
			defaultConfigurationIsVisible = 0;
			defaultConfigurationName = Release;
		};
		5AD9BA91250012F600463757 /* Build configuration list for PBXProject "Inklukva" */ = {
			isa = XCConfigurationList;
			buildConfigurations = (
				5AD9BAA8250012F700463757 /* Debug */,
				5AD9BAA9250012F700463757 /* Release */,
			);
			defaultConfigurationIsVisible = 0;
			defaultConfigurationName = Release;
		};
		5AD9BAAA250012F700463757 /* Build configuration list for PBXNativeTarget "Inklukva" */ = {
			isa = XCConfigurationList;
			buildConfigurations = (
				5AD9BAAB250012F700463757 /* Debug */,
				5AD9BAAC250012F700463757 /* Release */,
			);
			defaultConfigurationIsVisible = 0;
			defaultConfigurationName = Release;
		};
/* End XCConfigurationList section */
	};
	rootObject = 5AD9BA8E250012F600463757 /* Project object */;
}
